// !$*UTF8*$!
{
	archiveVersion = 1;
	classes = {
	};
	objectVersion = 77;
	objects = {

/* Begin PBXContainerItemProxy section */
		CF5A9DBA2E5D0DCB00FF4251 /* PBXContainerItemProxy */ = {
			isa = PBXContainerItemProxy;
			containerPortal = CF5A9DA42E5D0DC900FF4251 /* Project object */;
			proxyType = 1;
			remoteGlobalIDString = CF5A9DAB2E5D0DC900FF4251;
			remoteInfo = "Shot Blocker";
		};
		CF5A9DC42E5D0DCB00FF4251 /* PBXContainerItemProxy */ = {
			isa = PBXContainerItemProxy;
			containerPortal = CF5A9DA42E5D0DC900FF4251 /* Project object */;
			proxyType = 1;
			remoteGlobalIDString = CF5A9DAB2E5D0DC900FF4251;
			remoteInfo = "Shot Blocker";
		};
/* End PBXContainerItemProxy section */

/* Begin PBXFileReference section */
		CF5A9DAC2E5D0DC900FF4251 /* Shot Blocker.app */ = {isa = PBXFileReference; explicitFileType = wrapper.application; includeInIndex = 0; path = "Shot Blocker.app"; sourceTree = BUILT_PRODUCTS_DIR; };
		CF5A9DB92E5D0DCB00FF4251 /* Shot BlockerTests.xctest */ = {isa = PBXFileReference; explicitFileType = wrapper.cfbundle; includeInIndex = 0; path = "Shot BlockerTests.xctest"; sourceTree = BUILT_PRODUCTS_DIR; };
		CF5A9DC32E5D0DCB00FF4251 /* Shot BlockerUITests.xctest */ = {isa = PBXFileReference; explicitFileType = wrapper.cfbundle; includeInIndex = 0; path = "Shot BlockerUITests.xctest"; sourceTree = BUILT_PRODUCTS_DIR; };
/* End PBXFileReference section */

/* Begin PBXFileSystemSynchronizedRootGroup section */
		CF5A9DAE2E5D0DC900FF4251 /* Shot Blocker */ = {
			isa = PBXFileSystemSynchronizedRootGroup;
			path = "Shot Blocker";
			sourceTree = "<group>";
		};
		CF5A9DBC2E5D0DCB00FF4251 /* Shot BlockerTests */ = {
			isa = PBXFileSystemSynchronizedRootGroup;
			path = "Shot BlockerTests";
			sourceTree = "<group>";
		};
		CF5A9DC62E5D0DCB00FF4251 /* Shot BlockerUITests */ = {
			isa = PBXFileSystemSynchronizedRootGroup;
			path = "Shot BlockerUITests";
			sourceTree = "<group>";
		};
/* End PBXFileSystemSynchronizedRootGroup section */

/* Begin PBXFrameworksBuildPhase section */
		CF5A9DA92E5D0DC900FF4251 /* Frameworks */ = {
			isa = PBXFrameworksBuildPhase;
			buildActionMask = 2147483647;
			files = (
			);
			runOnlyForDeploymentPostprocessing = 0;
		};
		CF5A9DB62E5D0DCB00FF4251 /* Frameworks */ = {
			isa = PBXFrameworksBuildPhase;
			buildActionMask = 2147483647;
			files = (
			);
			runOnlyForDeploymentPostprocessing = 0;
		};
		CF5A9DC02E5D0DCB00FF4251 /* Frameworks */ = {
			isa = PBXFrameworksBuildPhase;
			buildActionMask = 2147483647;
			files = (
			);
			runOnlyForDeploymentPostprocessing = 0;
		};
/* End PBXFrameworksBuildPhase section */

/* Begin PBXGroup section */
		CF5A9DA32E5D0DC900FF4251 = {
			isa = PBXGroup;
			children = (
				CF5A9DAE2E5D0DC900FF4251 /* Shot Blocker */,
				CF5A9DBC2E5D0DCB00FF4251 /* Shot BlockerTests */,
				CF5A9DC62E5D0DCB00FF4251 /* Shot BlockerUITests */,
				CF5A9DAD2E5D0DC900FF4251 /* Products */,
			);
			sourceTree = "<group>";
		};
		CF5A9DAD2E5D0DC900FF4251 /* Products */ = {
			isa = PBXGroup;
			children = (
				CF5A9DAC2E5D0DC900FF4251 /* Shot Blocker.app */,
				CF5A9DB92E5D0DCB00FF4251 /* Shot BlockerTests.xctest */,
				CF5A9DC32E5D0DCB00FF4251 /* Shot BlockerUITests.xctest */,
			);
			name = Products;
			sourceTree = "<group>";
		};
/* End PBXGroup section */

/* Begin PBXNativeTarget section */
		CF5A9DAB2E5D0DC900FF4251 /* Shot Blocker */ = {
			isa = PBXNativeTarget;
			buildConfigurationList = CF5A9DCD2E5D0DCB00FF4251 /* Build configuration list for PBXNativeTarget "Shot Blocker" */;
			buildPhases = (
				CF5A9DA82E5D0DC900FF4251 /* Sources */,
				CF5A9DA92E5D0DC900FF4251 /* Frameworks */,
				CF5A9DAA2E5D0DC900FF4251 /* Resources */,
			);
			buildRules = (
			);
			dependencies = (
			);
			fileSystemSynchronizedGroups = (
				CF5A9DAE2E5D0DC900FF4251 /* Shot Blocker */,
			);
			name = "Shot Blocker";
			packageProductDependencies = (
			);
			productName = "Shot Blocker";
			productReference = CF5A9DAC2E5D0DC900FF4251 /* Shot Blocker.app */;
			productType = "com.apple.product-type.application";
		};
		CF5A9DB82E5D0DCB00FF4251 /* Shot BlockerTests */ = {
			isa = PBXNativeTarget;
			buildConfigurationList = CF5A9DD02E5D0DCB00FF4251 /* Build configuration list for PBXNativeTarget "Shot BlockerTests" */;
			buildPhases = (
				CF5A9DB52E5D0DCB00FF4251 /* Sources */,
				CF5A9DB62E5D0DCB00FF4251 /* Frameworks */,
				CF5A9DB72E5D0DCB00FF4251 /* Resources */,
			);
			buildRules = (
			);
			dependencies = (
				CF5A9DBB2E5D0DCB00FF4251 /* PBXTargetDependency */,
			);
			fileSystemSynchronizedGroups = (
				CF5A9DBC2E5D0DCB00FF4251 /* Shot BlockerTests */,
			);
			name = "Shot BlockerTests";
			packageProductDependencies = (
			);
			productName = "Shot BlockerTests";
			productReference = CF5A9DB92E5D0DCB00FF4251 /* Shot BlockerTests.xctest */;
			productType = "com.apple.product-type.bundle.unit-test";
		};
		CF5A9DC22E5D0DCB00FF4251 /* Shot BlockerUITests */ = {
			isa = PBXNativeTarget;
			buildConfigurationList = CF5A9DD32E5D0DCB00FF4251 /* Build configuration list for PBXNativeTarget "Shot BlockerUITests" */;
			buildPhases = (
				CF5A9DBF2E5D0DCB00FF4251 /* Sources */,
				CF5A9DC02E5D0DCB00FF4251 /* Frameworks */,
				CF5A9DC12E5D0DCB00FF4251 /* Resources */,
			);
			buildRules = (
			);
			dependencies = (
				CF5A9DC52E5D0DCB00FF4251 /* PBXTargetDependency */,
			);
			fileSystemSynchronizedGroups = (
				CF5A9DC62E5D0DCB00FF4251 /* Shot BlockerUITests */,
			);
			name = "Shot BlockerUITests";
			packageProductDependencies = (
			);
			productName = "Shot BlockerUITests";
			productReference = CF5A9DC32E5D0DCB00FF4251 /* Shot BlockerUITests.xctest */;
			productType = "com.apple.product-type.bundle.ui-testing";
		};
/* End PBXNativeTarget section */

/* Begin PBXProject section */
		CF5A9DA42E5D0DC900FF4251 /* Project object */ = {
			isa = PBXProject;
			attributes = {
				BuildIndependentTargetsInParallel = 1;
				LastSwiftUpdateCheck = 1640;
				LastUpgradeCheck = 1640;
				TargetAttributes = {
					CF5A9DAB2E5D0DC900FF4251 = {
						CreatedOnToolsVersion = 16.4;
					};
					CF5A9DB82E5D0DCB00FF4251 = {
						CreatedOnToolsVersion = 16.4;
						TestTargetID = CF5A9DAB2E5D0DC900FF4251;
					};
					CF5A9DC22E5D0DCB00FF4251 = {
						CreatedOnToolsVersion = 16.4;
						TestTargetID = CF5A9DAB2E5D0DC900FF4251;
					};
				};
			};
			buildConfigurationList = CF5A9DA72E5D0DC900FF4251 /* Build configuration list for PBXProject "Shot Blocker" */;
			developmentRegion = en;
			hasScannedForEncodings = 0;
			knownRegions = (
				en,
				Base,
			);
			mainGroup = CF5A9DA32E5D0DC900FF4251;
			minimizedProjectReferenceProxies = 1;
			preferredProjectObjectVersion = 77;
			productRefGroup = CF5A9DAD2E5D0DC900FF4251 /* Products */;
			projectDirPath = "";
			projectRoot = "";
			targets = (
				CF5A9DAB2E5D0DC900FF4251 /* Shot Blocker */,
				CF5A9DB82E5D0DCB00FF4251 /* Shot BlockerTests */,
				CF5A9DC22E5D0DCB00FF4251 /* Shot BlockerUITests */,
			);
		};
/* End PBXProject section */

/* Begin PBXResourcesBuildPhase section */
		CF5A9DAA2E5D0DC900FF4251 /* Resources */ = {
			isa = PBXResourcesBuildPhase;
			buildActionMask = 2147483647;
			files = (
			);
			runOnlyForDeploymentPostprocessing = 0;
		};
		CF5A9DB72E5D0DCB00FF4251 /* Resources */ = {
			isa = PBXResourcesBuildPhase;
			buildActionMask = 2147483647;
			files = (
			);
			runOnlyForDeploymentPostprocessing = 0;
		};
		CF5A9DC12E5D0DCB00FF4251 /* Resources */ = {
			isa = PBXResourcesBuildPhase;
			buildActionMask = 2147483647;
			files = (
			);
			runOnlyForDeploymentPostprocessing = 0;
		};
/* End PBXResourcesBuildPhase section */

/* Begin PBXSourcesBuildPhase section */
		CF5A9DA82E5D0DC900FF4251 /* Sources */ = {
			isa = PBXSourcesBuildPhase;
			buildActionMask = 2147483647;
			files = (
			);
			runOnlyForDeploymentPostprocessing = 0;
		};
		CF5A9DB52E5D0DCB00FF4251 /* Sources */ = {
			isa = PBXSourcesBuildPhase;
			buildActionMask = 2147483647;
			files = (
			);
			runOnlyForDeploymentPostprocessing = 0;
		};
		CF5A9DBF2E5D0DCB00FF4251 /* Sources */ = {
			isa = PBXSourcesBuildPhase;
			buildActionMask = 2147483647;
			files = (
			);
			runOnlyForDeploymentPostprocessing = 0;
		};
/* End PBXSourcesBuildPhase section */

/* Begin PBXTargetDependency section */
		CF5A9DBB2E5D0DCB00FF4251 /* PBXTargetDependency */ = {
			isa = PBXTargetDependency;
			target = CF5A9DAB2E5D0DC900FF4251 /* Shot Blocker */;
			targetProxy = CF5A9DBA2E5D0DCB00FF4251 /* PBXContainerItemProxy */;
		};
		CF5A9DC52E5D0DCB00FF4251 /* PBXTargetDependency */ = {
			isa = PBXTargetDependency;
			target = CF5A9DAB2E5D0DC900FF4251 /* Shot Blocker */;
			targetProxy = CF5A9DC42E5D0DCB00FF4251 /* PBXContainerItemProxy */;
		};
/* End PBXTargetDependency section */

/* Begin XCBuildConfiguration section */
		CF5A9DCB2E5D0DCB00FF4251 /* Debug */ = {
			isa = XCBuildConfiguration;
			buildSettings = {
				ALWAYS_SEARCH_USER_PATHS = NO;
				ASSETCATALOG_COMPILER_GENERATE_SWIFT_ASSET_SYMBOL_EXTENSIONS = YES;
				CLANG_ANALYZER_NONNULL = YES;
				CLANG_ANALYZER_NUMBER_OBJECT_CONVERSION = YES_AGGRESSIVE;
				CLANG_CXX_LANGUAGE_STANDARD = "gnu++20";
				CLANG_ENABLE_MODULES = YES;
				CLANG_ENABLE_OBJC_ARC = YES;
				CLANG_ENABLE_OBJC_WEAK = YES;
				CLANG_WARN_BLOCK_CAPTURE_AUTORELEASING = YES;
				CLANG_WARN_BOOL_CONVERSION = YES;
				CLANG_WARN_COMMA = YES;
				CLANG_WARN_CONSTANT_CONVERSION = YES;
				CLANG_WARN_DEPRECATED_OBJC_IMPLEMENTATIONS = YES;
				CLANG_WARN_DIRECT_OBJC_ISA_USAGE = YES_ERROR;
				CLANG_WARN_DOCUMENTATION_COMMENTS = YES;
				CLANG_WARN_EMPTY_BODY = YES;
				CLANG_WARN_ENUM_CONVERSION = YES;
				CLANG_WARN_INFINITE_RECURSION = YES;
				CLANG_WARN_INT_CONVERSION = YES;
				CLANG_WARN_NON_LITERAL_NULL_CONVERSION = YES;
				CLANG_WARN_OBJC_IMPLICIT_RETAIN_SELF = YES;
				CLANG_WARN_OBJC_LITERAL_CONVERSION = YES;
				CLANG_WARN_OBJC_ROOT_CLASS = YES_ERROR;
				CLANG_WARN_QUOTED_INCLUDE_IN_FRAMEWORK_HEADER = YES;
				CLANG_WARN_RANGE_LOOP_ANALYSIS = YES;
				CLANG_WARN_STRICT_PROTOTYPES = YES;
				CLANG_WARN_SUSPICIOUS_MOVE = YES;
				CLANG_WARN_UNGUARDED_AVAILABILITY = YES_AGGRESSIVE;
				CLANG_WARN_UNREACHABLE_CODE = YES;
				CLANG_WARN__DUPLICATE_METHOD_MATCH = YES;
				COPY_PHASE_STRIP = NO;
				DEBUG_INFORMATION_FORMAT = dwarf;
				DEVELOPMENT_TEAM = VTKWX923HY;
				ENABLE_STRICT_OBJC_MSGSEND = YES;
				ENABLE_TESTABILITY = YES;
				ENABLE_USER_SCRIPT_SANDBOXING = YES;
				GCC_C_LANGUAGE_STANDARD = gnu17;
				GCC_DYNAMIC_NO_PIC = NO;
				GCC_NO_COMMON_BLOCKS = YES;
				GCC_OPTIMIZATION_LEVEL = 0;
				GCC_PREPROCESSOR_DEFINITIONS = (
					"DEBUG=1",
					"$(inherited)",
				);
				GCC_WARN_64_TO_32_BIT_CONVERSION = YES;
				GCC_WARN_ABOUT_RETURN_TYPE = YES_ERROR;
				GCC_WARN_UNDECLARED_SELECTOR = YES;
				GCC_WARN_UNINITIALIZED_AUTOS = YES_AGGRESSIVE;
				GCC_WARN_UNUSED_FUNCTION = YES;
				GCC_WARN_UNUSED_VARIABLE = YES;
				IPHONEOS_DEPLOYMENT_TARGET = 18.5;
				LOCALIZATION_PREFERS_STRING_CATALOGS = YES;
				MTL_ENABLE_DEBUG_INFO = INCLUDE_SOURCE;
				MTL_FAST_MATH = YES;
				ONLY_ACTIVE_ARCH = YES;
				SDKROOT = iphoneos;
				SWIFT_ACTIVE_COMPILATION_CONDITIONS = "DEBUG $(inherited)";
				SWIFT_OPTIMIZATION_LEVEL = "-Onone";
			};
			name = Debug;
		};
		CF5A9DCC2E5D0DCB00FF4251 /* Release */ = {
			isa = XCBuildConfiguration;
			buildSettings = {
				ALWAYS_SEARCH_USER_PATHS = NO;
				ASSETCATALOG_COMPILER_GENERATE_SWIFT_ASSET_SYMBOL_EXTENSIONS = YES;
				CLANG_ANALYZER_NONNULL = YES;
				CLANG_ANALYZER_NUMBER_OBJECT_CONVERSION = YES_AGGRESSIVE;
				CLANG_CXX_LANGUAGE_STANDARD = "gnu++20";
				CLANG_ENABLE_MODULES = YES;
				CLANG_ENABLE_OBJC_ARC = YES;
				CLANG_ENABLE_OBJC_WEAK = YES;
				CLANG_WARN_BLOCK_CAPTURE_AUTORELEASING = YES;
				CLANG_WARN_BOOL_CONVERSION = YES;
				CLANG_WARN_COMMA = YES;
				CLANG_WARN_CONSTANT_CONVERSION = YES;
				CLANG_WARN_DEPRECATED_OBJC_IMPLEMENTATIONS = YES;
				CLANG_WARN_DIRECT_OBJC_ISA_USAGE = YES_ERROR;
				CLANG_WARN_DOCUMENTATION_COMMENTS = YES;
				CLANG_WARN_EMPTY_BODY = YES;
				CLANG_WARN_ENUM_CONVERSION = YES;
				CLANG_WARN_INFINITE_RECURSION = YES;
				CLANG_WARN_INT_CONVERSION = YES;
				CLANG_WARN_NON_LITERAL_NULL_CONVERSION = YES;
				CLANG_WARN_OBJC_IMPLICIT_RETAIN_SELF = YES;
				CLANG_WARN_OBJC_LITERAL_CONVERSION = YES;
				CLANG_WARN_OBJC_ROOT_CLASS = YES_ERROR;
				CLANG_WARN_QUOTED_INCLUDE_IN_FRAMEWORK_HEADER = YES;
				CLANG_WARN_RANGE_LOOP_ANALYSIS = YES;
				CLANG_WARN_STRICT_PROTOTYPES = YES;
				CLANG_WARN_SUSPICIOUS_MOVE = YES;
				CLANG_WARN_UNGUARDED_AVAILABILITY = YES_AGGRESSIVE;
				CLANG_WARN_UNREACHABLE_CODE = YES;
				CLANG_WARN__DUPLICATE_METHOD_MATCH = YES;
				COPY_PHASE_STRIP = NO;
				DEBUG_INFORMATION_FORMAT = "dwarf-with-dsym";
				DEVELOPMENT_TEAM = VTKWX923HY;
				ENABLE_NS_ASSERTIONS = NO;
				ENABLE_STRICT_OBJC_MSGSEND = YES;
				ENABLE_USER_SCRIPT_SANDBOXING = YES;
				GCC_C_LANGUAGE_STANDARD = gnu17;
				GCC_NO_COMMON_BLOCKS = YES;
				GCC_WARN_64_TO_32_BIT_CONVERSION = YES;
				GCC_WARN_ABOUT_RETURN_TYPE = YES_ERROR;
				GCC_WARN_UNDECLARED_SELECTOR = YES;
				GCC_WARN_UNINITIALIZED_AUTOS = YES_AGGRESSIVE;
				GCC_WARN_UNUSED_FUNCTION = YES;
				GCC_WARN_UNUSED_VARIABLE = YES;
				IPHONEOS_DEPLOYMENT_TARGET = 18.5;
				LOCALIZATION_PREFERS_STRING_CATALOGS = YES;
				MTL_ENABLE_DEBUG_INFO = NO;
				MTL_FAST_MATH = YES;
				SDKROOT = iphoneos;
				SWIFT_COMPILATION_MODE = wholemodule;
				VALIDATE_PRODUCT = YES;
			};
			name = Release;
		};
		CF5A9DCE2E5D0DCB00FF4251 /* Debug */ = {
			isa = XCBuildConfiguration;
			buildSettings = {
				ASSETCATALOG_COMPILER_APPICON_NAME = AppIcon;
				ASSETCATALOG_COMPILER_GLOBAL_ACCENT_COLOR_NAME = AccentColor;
				CODE_SIGN_ENTITLEMENTS = "Shot Blocker/Shot Blocker.entitlements";
				CODE_SIGN_STYLE = Automatic;
				CURRENT_PROJECT_VERSION = 1;
				DEVELOPMENT_TEAM = VTKWX923HY;
				ENABLE_PREVIEWS = YES;
				GENERATE_INFOPLIST_FILE = YES;
				INFOPLIST_KEY_UIApplicationSceneManifest_Generation = YES;
				INFOPLIST_KEY_UIApplicationSupportsIndirectInputEvents = YES;
				INFOPLIST_KEY_UILaunchScreen_Generation = YES;
				INFOPLIST_KEY_UISupportedInterfaceOrientations_iPad = "UIInterfaceOrientationPortrait UIInterfaceOrientationPortraitUpsideDown UIInterfaceOrientationLandscapeLeft UIInterfaceOrientationLandscapeRight";
				INFOPLIST_KEY_UISupportedInterfaceOrientations_iPhone = "UIInterfaceOrientationPortrait UIInterfaceOrientationLandscapeLeft UIInterfaceOrientationLandscapeRight";
				LD_RUNPATH_SEARCH_PATHS = (
					"$(inherited)",
					"@executable_path/Frameworks",
				);
				MARKETING_VERSION = 1.0;
				PRODUCT_BUNDLE_IDENTIFIER = "Menlo.Shot-Blocker";
				PRODUCT_NAME = "$(TARGET_NAME)";
				SWIFT_EMIT_LOC_STRINGS = YES;
				SWIFT_VERSION = 5.0;
				TARGETED_DEVICE_FAMILY = "1,2";
			};
			name = Debug;
		};
		CF5A9DCF2E5D0DCB00FF4251 /* Release */ = {
			isa = XCBuildConfiguration;
			buildSettings = {
				ASSETCATALOG_COMPILER_APPICON_NAME = AppIcon;
				ASSETCATALOG_COMPILER_GLOBAL_ACCENT_COLOR_NAME = AccentColor;
				CODE_SIGN_ENTITLEMENTS = "Shot Blocker/Shot Blocker.entitlements";
				CODE_SIGN_STYLE = Automatic;
				CURRENT_PROJECT_VERSION = 1;
				DEVELOPMENT_TEAM = VTKWX923HY;
				ENABLE_PREVIEWS = YES;
				GENERATE_INFOPLIST_FILE = YES;
				INFOPLIST_KEY_UIApplicationSceneManifest_Generation = YES;
				INFOPLIST_KEY_UIApplicationSupportsIndirectInputEvents = YES;
				INFOPLIST_KEY_UILaunchScreen_Generation = YES;
				INFOPLIST_KEY_UISupportedInterfaceOrientations_iPad = "UIInterfaceOrientationPortrait UIInterfaceOrientationPortraitUpsideDown UIInterfaceOrientationLandscapeLeft UIInterfaceOrientationLandscapeRight";
				INFOPLIST_KEY_UISupportedInterfaceOrientations_iPhone = "UIInterfaceOrientationPortrait UIInterfaceOrientationLandscapeLeft UIInterfaceOrientationLandscapeRight";
				LD_RUNPATH_SEARCH_PATHS = (
					"$(inherited)",
					"@executable_path/Frameworks",
				);
				MARKETING_VERSION = 1.0;
				PRODUCT_BUNDLE_IDENTIFIER = "Menlo.Shot-Blocker";
				PRODUCT_NAME = "$(TARGET_NAME)";
				SWIFT_EMIT_LOC_STRINGS = YES;
				SWIFT_VERSION = 5.0;
				TARGETED_DEVICE_FAMILY = "1,2";
			};
			name = Release;
		};
		CF5A9DD12E5D0DCB00FF4251 /* Debug */ = {
			isa = XCBuildConfiguration;
			buildSettings = {
				BUNDLE_LOADER = "$(TEST_HOST)";
				CODE_SIGN_STYLE = Automatic;
				CURRENT_PROJECT_VERSION = 1;
				DEVELOPMENT_TEAM = VTKWX923HY;
				GENERATE_INFOPLIST_FILE = YES;
				IPHONEOS_DEPLOYMENT_TARGET = 18.5;
				MARKETING_VERSION = 1.0;
				PRODUCT_BUNDLE_IDENTIFIER = "Menlo.Shot-BlockerTests";
				PRODUCT_NAME = "$(TARGET_NAME)";
				SWIFT_EMIT_LOC_STRINGS = NO;
				SWIFT_VERSION = 5.0;
				TARGETED_DEVICE_FAMILY = "1,2";
				TEST_HOST = "$(BUILT_PRODUCTS_DIR)/Shot Blocker.app/$(BUNDLE_EXECUTABLE_FOLDER_PATH)/Shot Blocker";
			};
			name = Debug;
		};
		CF5A9DD22E5D0DCB00FF4251 /* Release */ = {
			isa = XCBuildConfiguration;
			buildSettings = {
				BUNDLE_LOADER = "$(TEST_HOST)";
				CODE_SIGN_STYLE = Automatic;
				CURRENT_PROJECT_VERSION = 1;
				DEVELOPMENT_TEAM = VTKWX923HY;
				GENERATE_INFOPLIST_FILE = YES;
				IPHONEOS_DEPLOYMENT_TARGET = 18.5;
				MARKETING_VERSION = 1.0;
				PRODUCT_BUNDLE_IDENTIFIER = "Menlo.Shot-BlockerTests";
				PRODUCT_NAME = "$(TARGET_NAME)";
				SWIFT_EMIT_LOC_STRINGS = NO;
				SWIFT_VERSION = 5.0;
				TARGETED_DEVICE_FAMILY = "1,2";
				TEST_HOST = "$(BUILT_PRODUCTS_DIR)/Shot Blocker.app/$(BUNDLE_EXECUTABLE_FOLDER_PATH)/Shot Blocker";
			};
			name = Release;
		};
		CF5A9DD42E5D0DCB00FF4251 /* Debug */ = {
			isa = XCBuildConfiguration;
			buildSettings = {
				CODE_SIGN_STYLE = Automatic;
				CURRENT_PROJECT_VERSION = 1;
				DEVELOPMENT_TEAM = VTKWX923HY;
				GENERATE_INFOPLIST_FILE = YES;
				MARKETING_VERSION = 1.0;
				PRODUCT_BUNDLE_IDENTIFIER = "Menlo.Shot-BlockerUITests";
				PRODUCT_NAME = "$(TARGET_NAME)";
				SWIFT_EMIT_LOC_STRINGS = NO;
				SWIFT_VERSION = 5.0;
				TARGETED_DEVICE_FAMILY = "1,2";
				TEST_TARGET_NAME = "Shot Blocker";
			};
			name = Debug;
		};
		CF5A9DD52E5D0DCB00FF4251 /* Release */ = {
			isa = XCBuildConfiguration;
			buildSettings = {
				CODE_SIGN_STYLE = Automatic;
				CURRENT_PROJECT_VERSION = 1;
				DEVELOPMENT_TEAM = VTKWX923HY;
				GENERATE_INFOPLIST_FILE = YES;
				MARKETING_VERSION = 1.0;
				PRODUCT_BUNDLE_IDENTIFIER = "Menlo.Shot-BlockerUITests";
				PRODUCT_NAME = "$(TARGET_NAME)";
				SWIFT_EMIT_LOC_STRINGS = NO;
				SWIFT_VERSION = 5.0;
				TARGETED_DEVICE_FAMILY = "1,2";
				TEST_TARGET_NAME = "Shot Blocker";
			};
			name = Release;
		};
/* End XCBuildConfiguration section */

/* Begin XCConfigurationList section */
		CF5A9DA72E5D0DC900FF4251 /* Build configuration list for PBXProject "Shot Blocker" */ = {
			isa = XCConfigurationList;
			buildConfigurations = (
				CF5A9DCB2E5D0DCB00FF4251 /* Debug */,
				CF5A9DCC2E5D0DCB00FF4251 /* Release */,
			);
			defaultConfigurationIsVisible = 0;
			defaultConfigurationName = Release;
		};
		CF5A9DCD2E5D0DCB00FF4251 /* Build configuration list for PBXNativeTarget "Shot Blocker" */ = {
			isa = XCConfigurationList;
			buildConfigurations = (
				CF5A9DCE2E5D0DCB00FF4251 /* Debug */,
				CF5A9DCF2E5D0DCB00FF4251 /* Release */,
			);
			defaultConfigurationIsVisible = 0;
			defaultConfigurationName = Release;
		};
		CF5A9DD02E5D0DCB00FF4251 /* Build configuration list for PBXNativeTarget "Shot BlockerTests" */ = {
			isa = XCConfigurationList;
			buildConfigurations = (
				CF5A9DD12E5D0DCB00FF4251 /* Debug */,
				CF5A9DD22E5D0DCB00FF4251 /* Release */,
			);
			defaultConfigurationIsVisible = 0;
			defaultConfigurationName = Release;
		};
		CF5A9DD32E5D0DCB00FF4251 /* Build configuration list for PBXNativeTarget "Shot BlockerUITests" */ = {
			isa = XCConfigurationList;
			buildConfigurations = (
				CF5A9DD42E5D0DCB00FF4251 /* Debug */,
				CF5A9DD52E5D0DCB00FF4251 /* Release */,
			);
			defaultConfigurationIsVisible = 0;
			defaultConfigurationName = Release;
		};
/* End XCConfigurationList section */
	};
	rootObject = CF5A9DA42E5D0DC900FF4251 /* Project object */;
}
